
Microsoft Visual Studio Solution File, Format Version 12.00
# Visual Studio Version 16
VisualStudioVersion = 16.0.31410.357
MinimumVisualStudioVersion = 10.0.40219.1
Project("{FAE04EC0-301F-11D3-BF4B-00C04F79EFBC}") = "Calculator", "Calculator.csproj", "{AF366C12-9B2C-478D-8A9F-F810B255EA92}"
EndProject
Global
	GlobalSection(SolutionConfigurationPlatforms) = preSolution
		Debug|Any CPU = Debug|Any CPU
		Release|Any CPU = Release|Any CPU
	EndGlobalSection
	GlobalSection(ProjectConfigurationPlatforms) = postSolution
		{AF366C12-9B2C-478D-8A9F-F810B255EA92}.Debug|Any CPU.ActiveCfg = Debug|Any CPU
		{AF366C12-9B2C-478D-8A9F-F810B255EA92}.Debug|Any CPU.Build.0 = Debug|Any CPU
		{AF366C12-9B2C-478D-8A9F-F810B255EA92}.Release|Any CPU.ActiveCfg = Release|Any CPU
		{AF366C12-9B2C-478D-8A9F-F810B255EA92}.Release|Any CPU.Build.0 = Release|Any CPU
	EndGlobalSection
	GlobalSection(SolutionProperties) = preSolution
		HideSolutionNode = FALSE
	EndGlobalSection
	GlobalSection(ExtensibilityGlobals) = postSolution
		SolutionGuid = {5EE62C63-3FEC-4EF6-B274-EA72942BAF66}
	EndGlobalSection
EndGlobal
